
Microsoft Visual Studio Solution File, Format Version 12.00
# Visual Studio Version 16 TESTE
VisualStudioVersion = 16.0.29728.190
MinimumVisualStudioVersion = 10.0.40219.1
Project("{FAE04EC0-301F-11D3-BF4B-00C04F79EFBC}") = "prjCadVisu", "prjCadVisu\prjCadVisu.csproj", "{94568D6C-A762-408A-9CD7-F305F10E8A04}"
EndProject
Global
	GlobalSection(SolutionConfigurationPlatforms) = preSolution
		Debug|Any CPU = Debug|Any CPU
		Release|Any CPU = Release|Any CPU
	EndGlobalSection
	GlobalSection(ProjectConfigurationPlatforms) = postSolution
		{94568D6C-A762-408A-9CD7-F305F10E8A04}.Debug|Any CPU.ActiveCfg = Debug|Any CPU
		{94568D6C-A762-408A-9CD7-F305F10E8A04}.Debug|Any CPU.Build.0 = Debug|Any CPU
		{94568D6C-A762-408A-9CD7-F305F10E8A04}.Release|Any CPU.ActiveCfg = Release|Any CPU
		{94568D6C-A762-408A-9CD7-F305F10E8A04}.Release|Any CPU.Build.0 = Release|Any CPU
	EndGlobalSection
	GlobalSection(SolutionProperties) = preSolution
		HideSolutionNode = FALSE
	EndGlobalSection
	GlobalSection(ExtensibilityGlobals) = postSolution
		SolutionGuid = {E44D3813-A5A1-4B19-A0B4-CA593FE9D377}
	EndGlobalSection
EndGlobal
